
Microsoft Visual Studio Solution File, Format Version 12.00
# Visual Studio 15
VisualStudioVersion = 15.0.28307.421
MinimumVisualStudioVersion = 10.0.40219.1
Project("{FAE04EC0-301F-11D3-BF4B-00C04F79EFBC}") = "AutoFixture.MSTest", "AutoFixture.MSTest\AutoFixture.MSTest.csproj", "{2B39F4F4-563A-4CA2-9C0B-176249030EEF}"
EndProject
Global
	GlobalSection(SolutionConfigurationPlatforms) = preSolution
		Debug|Any CPU = Debug|Any CPU
		Release|Any CPU = Release|Any CPU
	EndGlobalSection
	GlobalSection(ProjectConfigurationPlatforms) = postSolution
		{2B39F4F4-563A-4CA2-9C0B-176249030EEF}.Debug|Any CPU.ActiveCfg = Debug|Any CPU
		{2B39F4F4-563A-4CA2-9C0B-176249030EEF}.Debug|Any CPU.Build.0 = Debug|Any CPU
		{2B39F4F4-563A-4CA2-9C0B-176249030EEF}.Release|Any CPU.ActiveCfg = Release|Any CPU
		{2B39F4F4-563A-4CA2-9C0B-176249030EEF}.Release|Any CPU.Build.0 = Release|Any CPU
	EndGlobalSection
	GlobalSection(SolutionProperties) = preSolution
		HideSolutionNode = FALSE
	EndGlobalSection
	GlobalSection(ExtensibilityGlobals) = postSolution
		SolutionGuid = {CEFCBDB2-ADE0-4780-815C-94F7CA8222BE}
	EndGlobalSection
EndGlobal
