
Microsoft Visual Studio Solution File, Format Version 12.00
# Visual Studio 15
VisualStudioVersion = 15.0.28307.421
MinimumVisualStudioVersion = 10.0.40219.1
Project("{FAE04EC0-301F-11D3-BF4B-00C04F79EFBC}") = "AutoFixture.MSTest", "AutoFixture.MSTest\AutoFixture.MSTest.csproj", "{25410DC7-51D7-4261-8D25-AB9C46E6900D}"
EndProject
Global
	GlobalSection(SolutionConfigurationPlatforms) = preSolution
		Debug|Any CPU = Debug|Any CPU
		Release|Any CPU = Release|Any CPU
	EndGlobalSection
	GlobalSection(ProjectConfigurationPlatforms) = postSolution
		{25410DC7-51D7-4261-8D25-AB9C46E6900D}.Debug|Any CPU.ActiveCfg = Debug|Any CPU
		{25410DC7-51D7-4261-8D25-AB9C46E6900D}.Debug|Any CPU.Build.0 = Debug|Any CPU
		{25410DC7-51D7-4261-8D25-AB9C46E6900D}.Release|Any CPU.ActiveCfg = Release|Any CPU
		{25410DC7-51D7-4261-8D25-AB9C46E6900D}.Release|Any CPU.Build.0 = Release|Any CPU
	EndGlobalSection
	GlobalSection(SolutionProperties) = preSolution
		HideSolutionNode = FALSE
	EndGlobalSection
	GlobalSection(ExtensibilityGlobals) = postSolution
		SolutionGuid = {CEFCBDB2-ADE0-4780-815C-94F7CA8222BE}
	EndGlobalSection
EndGlobal
